
Microsoft Visual Studio Solution File, Format Version 12.00
# Visual Studio 14
VisualStudioVersion = 14.0.23107.0
MinimumVisualStudioVersion = 10.0.40219.1
Project("{FAE04EC0-301F-11D3-BF4B-00C04F79EFBC}") = "Nancy.AttributeRouting", "Nancy.AttributeRouting\Nancy.AttributeRouting.csproj", "{01ECCF31-F639-4B45-9938-31FF68C07AF8}"
EndProject
Project("{FAE04EC0-301F-11D3-BF4B-00C04F79EFBC}") = "Nancy.AttributeRouting.Tests", "Nancy.AttributeRouting.Tests\Nancy.AttributeRouting.Tests.csproj", "{E86404FB-F157-40C0-BF1E-D63ECE715372}"
EndProject
Project("{2150E333-8FDC-42A3-9474-1A3956D46DE8}") = "Solution Items", "Solution Items", "{D5A1CD4F-4FB8-4538-8FB1-D81819D3E60C}"
	ProjectSection(SolutionItems) = preProject
		LICENSE = LICENSE
		README.md = README.md
	EndProjectSection
EndProject
Project("{2150E333-8FDC-42A3-9474-1A3956D46DE8}") = ".nuget", ".nuget", "{AE8464DE-270E-4BDD-9FD7-A9A5A0F4D632}"
	ProjectSection(SolutionItems) = preProject
		.nuget\NuGet.targets = .nuget\NuGet.targets
	EndProjectSection
EndProject
Global
	GlobalSection(SolutionConfigurationPlatforms) = preSolution
		Debug|Any CPU = Debug|Any CPU
		Release|Any CPU = Release|Any CPU
	EndGlobalSection
	GlobalSection(ProjectConfigurationPlatforms) = postSolution
		{01ECCF31-F639-4B45-9938-31FF68C07AF8}.Debug|Any CPU.ActiveCfg = Debug|Any CPU
		{01ECCF31-F639-4B45-9938-31FF68C07AF8}.Debug|Any CPU.Build.0 = Debug|Any CPU
		{01ECCF31-F639-4B45-9938-31FF68C07AF8}.Release|Any CPU.ActiveCfg = Release|Any CPU
		{01ECCF31-F639-4B45-9938-31FF68C07AF8}.Release|Any CPU.Build.0 = Release|Any CPU
		{E86404FB-F157-40C0-BF1E-D63ECE715372}.Debug|Any CPU.ActiveCfg = Debug|Any CPU
		{E86404FB-F157-40C0-BF1E-D63ECE715372}.Debug|Any CPU.Build.0 = Debug|Any CPU
		{E86404FB-F157-40C0-BF1E-D63ECE715372}.Release|Any CPU.ActiveCfg = Release|Any CPU
		{E86404FB-F157-40C0-BF1E-D63ECE715372}.Release|Any CPU.Build.0 = Release|Any CPU
	EndGlobalSection
	GlobalSection(SolutionProperties) = preSolution
		HideSolutionNode = FALSE
	EndGlobalSection
EndGlobal
